PODS:
  - commonsource (1.0)

DEPENDENCIES:
  - commonsource (from `../commonsource`)

EXTERNAL SOURCES:
  commonsource:
    :path: "../commonsource"

SPEC CHECKSUMS:
  commonsource: 7ce88218d9aa43cebfe773fff2ad768c819c4fae

PODFILE CHECKSUM: 4bd493bd25c554ed96f1e3486f74df4bfa1a07ac

COCOAPODS: 1.12.1
